
Microsoft Visual Studio Solution File, Format Version 12.00
# Visual Studio Version 17
VisualStudioVersion = 17.0.32126.317
MinimumVisualStudioVersion = 10.0.40219.1
Project("{9A19103F-16F7-4668-BE54-9A1E7A4F7556}") = "RadioOwl", "RadioOwl\RadioOwl\RadioOwl.csproj", "{6191532D-EB39-4DD0-B198-E7EF1461DD83}"
EndProject
Project("{9A19103F-16F7-4668-BE54-9A1E7A4F7556}") = "RadioOwl.Parsers", "RadioOwl.Parsers\RadioOwl.Parsers.csproj", "{7951F8AD-93B8-406B-9D13-5B4AB2EEE3AA}"
EndProject
Project("{FAE04EC0-301F-11D3-BF4B-00C04F79EFBC}") = "RadioOwl.Parsers.IntegrationTests", "RadioOwl.Parsers.IntegrationTests\RadioOwl.Parsers.IntegrationTests.csproj", "{310CDB9A-3F89-47C4-A2A3-51B3EEC2658C}"
EndProject
Global
	GlobalSection(SolutionConfigurationPlatforms) = preSolution
		Debug|Any CPU = Debug|Any CPU
		Release|Any CPU = Release|Any CPU
	EndGlobalSection
	GlobalSection(ProjectConfigurationPlatforms) = postSolution
		{6191532D-EB39-4DD0-B198-E7EF1461DD83}.Debug|Any CPU.ActiveCfg = Debug|Any CPU
		{6191532D-EB39-4DD0-B198-E7EF1461DD83}.Debug|Any CPU.Build.0 = Debug|Any CPU
		{6191532D-EB39-4DD0-B198-E7EF1461DD83}.Release|Any CPU.ActiveCfg = Release|Any CPU
		{6191532D-EB39-4DD0-B198-E7EF1461DD83}.Release|Any CPU.Build.0 = Release|Any CPU
		{7951F8AD-93B8-406B-9D13-5B4AB2EEE3AA}.Debug|Any CPU.ActiveCfg = Debug|Any CPU
		{7951F8AD-93B8-406B-9D13-5B4AB2EEE3AA}.Debug|Any CPU.Build.0 = Debug|Any CPU
		{7951F8AD-93B8-406B-9D13-5B4AB2EEE3AA}.Release|Any CPU.ActiveCfg = Release|Any CPU
		{7951F8AD-93B8-406B-9D13-5B4AB2EEE3AA}.Release|Any CPU.Build.0 = Release|Any CPU
		{310CDB9A-3F89-47C4-A2A3-51B3EEC2658C}.Debug|Any CPU.ActiveCfg = Debug|Any CPU
		{310CDB9A-3F89-47C4-A2A3-51B3EEC2658C}.Debug|Any CPU.Build.0 = Debug|Any CPU
		{310CDB9A-3F89-47C4-A2A3-51B3EEC2658C}.Release|Any CPU.ActiveCfg = Release|Any CPU
		{310CDB9A-3F89-47C4-A2A3-51B3EEC2658C}.Release|Any CPU.Build.0 = Release|Any CPU
	EndGlobalSection
	GlobalSection(SolutionProperties) = preSolution
		HideSolutionNode = FALSE
	EndGlobalSection
	GlobalSection(ExtensibilityGlobals) = postSolution
		SolutionGuid = {D69089D0-46B0-468E-AFBB-9F3A06EF3BB3}
	EndGlobalSection
EndGlobal
